
Microsoft Visual Studio Solution File, Format Version 12.00
# Visual Studio Version 17
VisualStudioVersion = 17.4.33103.184
MinimumVisualStudioVersion = 10.0.40219.1
Project("{9A19103F-16F7-4668-BE54-9A1E7A4F7556}") = "ATV1", "ATV1\ATV1.csproj", "{A573A959-A58D-4E30-A4B2-4F548882C94B}"
EndProject
Project("{9A19103F-16F7-4668-BE54-9A1E7A4F7556}") = "ATV2", "ATV2\ATV2.csproj", "{F764BEDE-F098-4C73-9C76-D9BC50D216FA}"
EndProject
Project("{9A19103F-16F7-4668-BE54-9A1E7A4F7556}") = "ATV3", "ATV3\ATV3.csproj", "{6EE7F801-A61F-4B3E-B599-7829BC153D5D}"
EndProject
Project("{9A19103F-16F7-4668-BE54-9A1E7A4F7556}") = "ATV4", "ATV4\ATV4.csproj", "{B9752E6B-88BF-4656-8804-86CEDCC3C4FF}"
EndProject
Project("{FAE04EC0-301F-11D3-BF4B-00C04F79EFBC}") = "tt", "tt\tt.csproj", "{1DB3A31D-FFE7-479D-A90F-315064E5AE66}"
EndProject
Global
	GlobalSection(SolutionConfigurationPlatforms) = preSolution
		Debug|Any CPU = Debug|Any CPU
		Release|Any CPU = Release|Any CPU
	EndGlobalSection
	GlobalSection(ProjectConfigurationPlatforms) = postSolution
		{A573A959-A58D-4E30-A4B2-4F548882C94B}.Debug|Any CPU.ActiveCfg = Debug|Any CPU
		{A573A959-A58D-4E30-A4B2-4F548882C94B}.Debug|Any CPU.Build.0 = Debug|Any CPU
		{A573A959-A58D-4E30-A4B2-4F548882C94B}.Release|Any CPU.ActiveCfg = Release|Any CPU
		{A573A959-A58D-4E30-A4B2-4F548882C94B}.Release|Any CPU.Build.0 = Release|Any CPU
		{F764BEDE-F098-4C73-9C76-D9BC50D216FA}.Debug|Any CPU.ActiveCfg = Debug|Any CPU
		{F764BEDE-F098-4C73-9C76-D9BC50D216FA}.Debug|Any CPU.Build.0 = Debug|Any CPU
		{F764BEDE-F098-4C73-9C76-D9BC50D216FA}.Release|Any CPU.ActiveCfg = Release|Any CPU
		{F764BEDE-F098-4C73-9C76-D9BC50D216FA}.Release|Any CPU.Build.0 = Release|Any CPU
		{6EE7F801-A61F-4B3E-B599-7829BC153D5D}.Debug|Any CPU.ActiveCfg = Debug|Any CPU
		{6EE7F801-A61F-4B3E-B599-7829BC153D5D}.Debug|Any CPU.Build.0 = Debug|Any CPU
		{6EE7F801-A61F-4B3E-B599-7829BC153D5D}.Release|Any CPU.ActiveCfg = Release|Any CPU
		{6EE7F801-A61F-4B3E-B599-7829BC153D5D}.Release|Any CPU.Build.0 = Release|Any CPU
		{B9752E6B-88BF-4656-8804-86CEDCC3C4FF}.Debug|Any CPU.ActiveCfg = Debug|Any CPU
		{B9752E6B-88BF-4656-8804-86CEDCC3C4FF}.Debug|Any CPU.Build.0 = Debug|Any CPU
		{B9752E6B-88BF-4656-8804-86CEDCC3C4FF}.Release|Any CPU.ActiveCfg = Release|Any CPU
		{B9752E6B-88BF-4656-8804-86CEDCC3C4FF}.Release|Any CPU.Build.0 = Release|Any CPU
		{1DB3A31D-FFE7-479D-A90F-315064E5AE66}.Debug|Any CPU.ActiveCfg = Debug|Any CPU
		{1DB3A31D-FFE7-479D-A90F-315064E5AE66}.Debug|Any CPU.Build.0 = Debug|Any CPU
		{1DB3A31D-FFE7-479D-A90F-315064E5AE66}.Release|Any CPU.ActiveCfg = Release|Any CPU
		{1DB3A31D-FFE7-479D-A90F-315064E5AE66}.Release|Any CPU.Build.0 = Release|Any CPU
	EndGlobalSection
	GlobalSection(SolutionProperties) = preSolution
		HideSolutionNode = FALSE
	EndGlobalSection
	GlobalSection(ExtensibilityGlobals) = postSolution
		SolutionGuid = {6E2F7A6A-C02D-46D2-9D87-6B5003DA84B6}
	EndGlobalSection
EndGlobal
